
Microsoft Visual Studio Solution File, Format Version 12.00
# Visual Studio 15
Project("{FAE04EC0-301F-11D3-BF4B-00C04F79EFBC}") = "Assembly-CSharp", "Assembly-CSharp.csproj", "{28698A75-7B98-7660-465B-7989F90A4D6E}"
EndProject
Project("{FAE04EC0-301F-11D3-BF4B-00C04F79EFBC}") = "Assembly-CSharp-firstpass", "Assembly-CSharp-firstpass.csproj", "{FE7A8CAE-1C52-7BAC-705C-11BF9C9E1EC3}"
EndProject
Project("{FAE04EC0-301F-11D3-BF4B-00C04F79EFBC}") = "Assembly-CSharp-Editor", "Assembly-CSharp-Editor.csproj", "{E8A56E59-41C5-9ACB-A423-592CF7F71D61}"
EndProject
Project("{FAE04EC0-301F-11D3-BF4B-00C04F79EFBC}") = "Assembly-CSharp-Editor-firstpass", "Assembly-CSharp-Editor-firstpass.csproj", "{EF6CC203-E1E5-9E6F-A2BB-D06EC82329AA}"
EndProject
Global
	GlobalSection(SolutionConfigurationPlatforms) = preSolution
		Debug|Any CPU = Debug|Any CPU
		Release|Any CPU = Release|Any CPU
	EndGlobalSection
	GlobalSection(ProjectConfigurationPlatforms) = postSolution
		{28698A75-7B98-7660-465B-7989F90A4D6E}.Debug|Any CPU.ActiveCfg = Debug|Any CPU
		{28698A75-7B98-7660-465B-7989F90A4D6E}.Debug|Any CPU.Build.0 = Debug|Any CPU
		{28698A75-7B98-7660-465B-7989F90A4D6E}.Release|Any CPU.ActiveCfg = Release|Any CPU
		{28698A75-7B98-7660-465B-7989F90A4D6E}.Release|Any CPU.Build.0 = Release|Any CPU
		{FE7A8CAE-1C52-7BAC-705C-11BF9C9E1EC3}.Debug|Any CPU.ActiveCfg = Debug|Any CPU
		{FE7A8CAE-1C52-7BAC-705C-11BF9C9E1EC3}.Debug|Any CPU.Build.0 = Debug|Any CPU
		{FE7A8CAE-1C52-7BAC-705C-11BF9C9E1EC3}.Release|Any CPU.ActiveCfg = Release|Any CPU
		{FE7A8CAE-1C52-7BAC-705C-11BF9C9E1EC3}.Release|Any CPU.Build.0 = Release|Any CPU
		{E8A56E59-41C5-9ACB-A423-592CF7F71D61}.Debug|Any CPU.ActiveCfg = Debug|Any CPU
		{E8A56E59-41C5-9ACB-A423-592CF7F71D61}.Debug|Any CPU.Build.0 = Debug|Any CPU
		{E8A56E59-41C5-9ACB-A423-592CF7F71D61}.Release|Any CPU.ActiveCfg = Release|Any CPU
		{E8A56E59-41C5-9ACB-A423-592CF7F71D61}.Release|Any CPU.Build.0 = Release|Any CPU
		{EF6CC203-E1E5-9E6F-A2BB-D06EC82329AA}.Debug|Any CPU.ActiveCfg = Debug|Any CPU
		{EF6CC203-E1E5-9E6F-A2BB-D06EC82329AA}.Debug|Any CPU.Build.0 = Debug|Any CPU
		{EF6CC203-E1E5-9E6F-A2BB-D06EC82329AA}.Release|Any CPU.ActiveCfg = Release|Any CPU
		{EF6CC203-E1E5-9E6F-A2BB-D06EC82329AA}.Release|Any CPU.Build.0 = Release|Any CPU
	EndGlobalSection
	GlobalSection(SolutionProperties) = preSolution
		HideSolutionNode = FALSE
	EndGlobalSection
EndGlobal
